<?xml version="1.0" encoding="utf-8"?>
<Project ToolsVersion="4.0" xmlns="http://schemas.microsoft.com/developer/msbuild/2003">
  <ItemGroup>
    <Filter Include="Resource Files">
      <UniqueIdentifier>{67DA6AB6-F800-4c08-8B7A-83BB121AAD01}</UniqueIdentifier>
      <Extensions>rc;ico;cur;bmp;dlg;rc2;rct;bin;rgs;gif;jpg;jpeg;jpe;resx;tiff;tif;png;wav;mfcribbon-ms</Extensions>
    </Filter>
    <Filter Include="src">
      <UniqueIdentifier>{4FC737F1-C7A5-4376-A066-2A32D752A2FF}</UniqueIdentifier>
      <Extensions>cpp;c;cc;cxx;def;odl;idl;hpj;bat;asm;asmx</Extensions>
    </Filter>
    <Filter Include="include">
      <UniqueIdentifier>{891f1e59-7bfb-40cd-be9e-b09a19e0ed94}</UniqueIdentifier>
    </Filter>
    <Filter Include="src\ui">
      <UniqueIdentifier>{eaa544a3-8cd0-43ce-8c63-19280446fa32}</UniqueIdentifier>
    </Filter>
    <Filter Include="include\ui">
      <UniqueIdentifier>{c4fc0e5c-82fc-4a3a-ab42-8886011296d2}</UniqueIdentifier>
    </Filter>
  </ItemGroup>
  <ItemGroup>
    <ClCompile Include="src\glad.c">
      <Filter>src</Filter>
    </ClCompile>
    <ClCompile Include="src\ui\windowmanager.cpp">
      <Filter>src\ui</Filter>
    </ClCompile>
    <ClCompile Include="src\rengine.cpp">
      <Filter>src</Filter>
    </ClCompile>
    <ClCompile Include="src\ui\inputmanager.cpp">
      <Filter>src\ui</Filter>
    </ClCompile>
    <ClCompile Include="src\ui\keymap.cpp">
      <Filter>src\ui</Filter>
    </ClCompile>
  </ItemGroup>
  <ItemGroup>
    <ClInclude Include="include\rengine.h">
      <Filter>include</Filter>
    </ClInclude>
    <ClInclude Include="src\debugging\debug.h">
      <Filter>src</Filter>
    </ClInclude>
    <ClInclude Include="include\ui\inputmanager.h">
      <Filter>include\ui</Filter>
    </ClInclude>
    <ClInclude Include="include\ui\windowmanager.h">
      <Filter>include\ui</Filter>
    </ClInclude>
    <ClInclude Include="include\ui\keylistener.h">
      <Filter>include\ui</Filter>
    </ClInclude>
    <ClInclude Include="include\ui\keymap.h">
      <Filter>include\ui</Filter>
    </ClInclude>
    <ClInclude Include="include\ui\mouselistener.h">
      <Filter>include\ui</Filter>
    </ClInclude>
  </ItemGroup>
</Project>